
Microsoft Visual Studio Solution File, Format Version 12.00
# Visual Studio Version 17
VisualStudioVersion = 17.14.36511.14
MinimumVisualStudioVersion = 10.0.40219.1
Project("{FAE04EC0-301F-11D3-BF4B-00C04F79EFBC}") = "Types", "Types\Types.csproj", "{54F19975-5D3C-4140-BB0C-9EBF775AF210}"
EndProject
Project("{FAE04EC0-301F-11D3-BF4B-00C04F79EFBC}") = "Enumeration", "Enumeration\Enumeration.csproj", "{C7B66B67-67A3-459A-8CD1-650264302133}"
EndProject
Project("{FAE04EC0-301F-11D3-BF4B-00C04F79EFBC}") = "Structure", "Structure\Structure.csproj", "{03DEAFA4-4C3E-438E-8351-B03A8F27D920}"
EndProject
Project("{FAE04EC0-301F-11D3-BF4B-00C04F79EFBC}") = "Delegate", "Delegate\Delegate.csproj", "{40EA01A6-CEB2-4D69-AE6A-6372BE2CA1C4}"
EndProject
Project("{FAE04EC0-301F-11D3-BF4B-00C04F79EFBC}") = "Array", "Array\Array.csproj", "{405AD931-D737-4F29-B9A7-23BFAAFD13B2}"
EndProject
Project("{FAE04EC0-301F-11D3-BF4B-00C04F79EFBC}") = "Generic", "Generic\Generic.csproj", "{E5660B68-5C4F-402C-8311-BD1080E087E6}"
EndProject
Project("{FAE04EC0-301F-11D3-BF4B-00C04F79EFBC}") = "NullReferenceExceptions", "NullReferenceExceptions\NullReferenceExceptions.csproj", "{2E4E7DA2-92B9-4875-A02E-2ECDCB5AE021}"
EndProject
Project("{FAE04EC0-301F-11D3-BF4B-00C04F79EFBC}") = "AnonymousTypes", "AnonymousTypes\AnonymousTypes.csproj", "{8C599CF5-C51C-4B6C-A768-F366CD90A925}"
EndProject
Project("{FAE04EC0-301F-11D3-BF4B-00C04F79EFBC}") = "Tuple", "Tuple\Tuple.csproj", "{1D71D4EA-2403-4150-82E5-67CA206C497B}"
EndProject
Project("{FAE04EC0-301F-11D3-BF4B-00C04F79EFBC}") = "LINQ", "LINQ\LINQ.csproj", "{31934E31-A953-44CA-9F18-0412178842A4}"
EndProject
Project("{FAE04EC0-301F-11D3-BF4B-00C04F79EFBC}") = "ClassLibrary", "ClassLibrary\ClassLibrary.csproj", "{C5CBDAE7-CF5A-4F7C-BC1B-6C669FAD05E6}"
EndProject
Project("{FAE04EC0-301F-11D3-BF4B-00C04F79EFBC}") = "String", "String\String.csproj", "{F5D2B350-B202-4D20-9063-E10865815EE4}"
EndProject
Project("{FAE04EC0-301F-11D3-BF4B-00C04F79EFBC}") = "DateTime", "DateTime\DateTime.csproj", "{3717612F-C6D4-4309-8324-C44C2FB953F4}"
EndProject
Project("{FAE04EC0-301F-11D3-BF4B-00C04F79EFBC}") = "RegularExpressions", "RegularExpressions\RegularExpressions.csproj", "{01C69B22-40BC-44CC-940E-9BFE54DD9EC1}"
EndProject
Project("{FAE04EC0-301F-11D3-BF4B-00C04F79EFBC}") = "Encoding", "Encoding\Encoding.csproj", "{77DAD85D-7272-421D-ABCA-3F07C25213BA}"
EndProject
Project("{FAE04EC0-301F-11D3-BF4B-00C04F79EFBC}") = "InputOutput", "InputOutput\InputOutput.csproj", "{1380EC83-5C68-4A17-A591-63BA9F8C49A3}"
EndProject
Project("{FAE04EC0-301F-11D3-BF4B-00C04F79EFBC}") = "Serialization", "Serialization\Serialization.csproj", "{C78F99D3-4140-4D2F-AA62-5AD67ABA8DA7}"
EndProject
Global
	GlobalSection(SolutionConfigurationPlatforms) = preSolution
		Debug|Any CPU = Debug|Any CPU
		Release|Any CPU = Release|Any CPU
	EndGlobalSection
	GlobalSection(ProjectConfigurationPlatforms) = postSolution
		{54F19975-5D3C-4140-BB0C-9EBF775AF210}.Debug|Any CPU.ActiveCfg = Debug|Any CPU
		{54F19975-5D3C-4140-BB0C-9EBF775AF210}.Debug|Any CPU.Build.0 = Debug|Any CPU
		{54F19975-5D3C-4140-BB0C-9EBF775AF210}.Release|Any CPU.ActiveCfg = Release|Any CPU
		{54F19975-5D3C-4140-BB0C-9EBF775AF210}.Release|Any CPU.Build.0 = Release|Any CPU
		{C7B66B67-67A3-459A-8CD1-650264302133}.Debug|Any CPU.ActiveCfg = Debug|Any CPU
		{C7B66B67-67A3-459A-8CD1-650264302133}.Debug|Any CPU.Build.0 = Debug|Any CPU
		{C7B66B67-67A3-459A-8CD1-650264302133}.Release|Any CPU.ActiveCfg = Release|Any CPU
		{C7B66B67-67A3-459A-8CD1-650264302133}.Release|Any CPU.Build.0 = Release|Any CPU
		{03DEAFA4-4C3E-438E-8351-B03A8F27D920}.Debug|Any CPU.ActiveCfg = Debug|Any CPU
		{03DEAFA4-4C3E-438E-8351-B03A8F27D920}.Debug|Any CPU.Build.0 = Debug|Any CPU
		{03DEAFA4-4C3E-438E-8351-B03A8F27D920}.Release|Any CPU.ActiveCfg = Release|Any CPU
		{03DEAFA4-4C3E-438E-8351-B03A8F27D920}.Release|Any CPU.Build.0 = Release|Any CPU
		{40EA01A6-CEB2-4D69-AE6A-6372BE2CA1C4}.Debug|Any CPU.ActiveCfg = Debug|Any CPU
		{40EA01A6-CEB2-4D69-AE6A-6372BE2CA1C4}.Debug|Any CPU.Build.0 = Debug|Any CPU
		{40EA01A6-CEB2-4D69-AE6A-6372BE2CA1C4}.Release|Any CPU.ActiveCfg = Release|Any CPU
		{40EA01A6-CEB2-4D69-AE6A-6372BE2CA1C4}.Release|Any CPU.Build.0 = Release|Any CPU
		{405AD931-D737-4F29-B9A7-23BFAAFD13B2}.Debug|Any CPU.ActiveCfg = Debug|Any CPU
		{405AD931-D737-4F29-B9A7-23BFAAFD13B2}.Debug|Any CPU.Build.0 = Debug|Any CPU
		{405AD931-D737-4F29-B9A7-23BFAAFD13B2}.Release|Any CPU.ActiveCfg = Release|Any CPU
		{405AD931-D737-4F29-B9A7-23BFAAFD13B2}.Release|Any CPU.Build.0 = Release|Any CPU
		{E5660B68-5C4F-402C-8311-BD1080E087E6}.Debug|Any CPU.ActiveCfg = Debug|Any CPU
		{E5660B68-5C4F-402C-8311-BD1080E087E6}.Debug|Any CPU.Build.0 = Debug|Any CPU
		{E5660B68-5C4F-402C-8311-BD1080E087E6}.Release|Any CPU.ActiveCfg = Release|Any CPU
		{E5660B68-5C4F-402C-8311-BD1080E087E6}.Release|Any CPU.Build.0 = Release|Any CPU
		{2E4E7DA2-92B9-4875-A02E-2ECDCB5AE021}.Debug|Any CPU.ActiveCfg = Debug|Any CPU
		{2E4E7DA2-92B9-4875-A02E-2ECDCB5AE021}.Debug|Any CPU.Build.0 = Debug|Any CPU
		{2E4E7DA2-92B9-4875-A02E-2ECDCB5AE021}.Release|Any CPU.ActiveCfg = Release|Any CPU
		{2E4E7DA2-92B9-4875-A02E-2ECDCB5AE021}.Release|Any CPU.Build.0 = Release|Any CPU
		{8C599CF5-C51C-4B6C-A768-F366CD90A925}.Debug|Any CPU.ActiveCfg = Debug|Any CPU
		{8C599CF5-C51C-4B6C-A768-F366CD90A925}.Debug|Any CPU.Build.0 = Debug|Any CPU
		{8C599CF5-C51C-4B6C-A768-F366CD90A925}.Release|Any CPU.ActiveCfg = Release|Any CPU
		{8C599CF5-C51C-4B6C-A768-F366CD90A925}.Release|Any CPU.Build.0 = Release|Any CPU
		{1D71D4EA-2403-4150-82E5-67CA206C497B}.Debug|Any CPU.ActiveCfg = Debug|Any CPU
		{1D71D4EA-2403-4150-82E5-67CA206C497B}.Debug|Any CPU.Build.0 = Debug|Any CPU
		{1D71D4EA-2403-4150-82E5-67CA206C497B}.Release|Any CPU.ActiveCfg = Release|Any CPU
		{1D71D4EA-2403-4150-82E5-67CA206C497B}.Release|Any CPU.Build.0 = Release|Any CPU
		{31934E31-A953-44CA-9F18-0412178842A4}.Debug|Any CPU.ActiveCfg = Debug|Any CPU
		{31934E31-A953-44CA-9F18-0412178842A4}.Debug|Any CPU.Build.0 = Debug|Any CPU
		{31934E31-A953-44CA-9F18-0412178842A4}.Release|Any CPU.ActiveCfg = Release|Any CPU
		{31934E31-A953-44CA-9F18-0412178842A4}.Release|Any CPU.Build.0 = Release|Any CPU
		{C5CBDAE7-CF5A-4F7C-BC1B-6C669FAD05E6}.Debug|Any CPU.ActiveCfg = Debug|Any CPU
		{C5CBDAE7-CF5A-4F7C-BC1B-6C669FAD05E6}.Debug|Any CPU.Build.0 = Debug|Any CPU
		{C5CBDAE7-CF5A-4F7C-BC1B-6C669FAD05E6}.Release|Any CPU.ActiveCfg = Release|Any CPU
		{C5CBDAE7-CF5A-4F7C-BC1B-6C669FAD05E6}.Release|Any CPU.Build.0 = Release|Any CPU
		{F5D2B350-B202-4D20-9063-E10865815EE4}.Debug|Any CPU.ActiveCfg = Debug|Any CPU
		{F5D2B350-B202-4D20-9063-E10865815EE4}.Debug|Any CPU.Build.0 = Debug|Any CPU
		{F5D2B350-B202-4D20-9063-E10865815EE4}.Release|Any CPU.ActiveCfg = Release|Any CPU
		{F5D2B350-B202-4D20-9063-E10865815EE4}.Release|Any CPU.Build.0 = Release|Any CPU
		{3717612F-C6D4-4309-8324-C44C2FB953F4}.Debug|Any CPU.ActiveCfg = Debug|Any CPU
		{3717612F-C6D4-4309-8324-C44C2FB953F4}.Debug|Any CPU.Build.0 = Debug|Any CPU
		{3717612F-C6D4-4309-8324-C44C2FB953F4}.Release|Any CPU.ActiveCfg = Release|Any CPU
		{3717612F-C6D4-4309-8324-C44C2FB953F4}.Release|Any CPU.Build.0 = Release|Any CPU
		{01C69B22-40BC-44CC-940E-9BFE54DD9EC1}.Debug|Any CPU.ActiveCfg = Debug|Any CPU
		{01C69B22-40BC-44CC-940E-9BFE54DD9EC1}.Debug|Any CPU.Build.0 = Debug|Any CPU
		{01C69B22-40BC-44CC-940E-9BFE54DD9EC1}.Release|Any CPU.ActiveCfg = Release|Any CPU
		{01C69B22-40BC-44CC-940E-9BFE54DD9EC1}.Release|Any CPU.Build.0 = Release|Any CPU
		{77DAD85D-7272-421D-ABCA-3F07C25213BA}.Debug|Any CPU.ActiveCfg = Debug|Any CPU
		{77DAD85D-7272-421D-ABCA-3F07C25213BA}.Debug|Any CPU.Build.0 = Debug|Any CPU
		{77DAD85D-7272-421D-ABCA-3F07C25213BA}.Release|Any CPU.ActiveCfg = Release|Any CPU
		{77DAD85D-7272-421D-ABCA-3F07C25213BA}.Release|Any CPU.Build.0 = Release|Any CPU
		{1380EC83-5C68-4A17-A591-63BA9F8C49A3}.Debug|Any CPU.ActiveCfg = Debug|Any CPU
		{1380EC83-5C68-4A17-A591-63BA9F8C49A3}.Debug|Any CPU.Build.0 = Debug|Any CPU
		{1380EC83-5C68-4A17-A591-63BA9F8C49A3}.Release|Any CPU.ActiveCfg = Release|Any CPU
		{1380EC83-5C68-4A17-A591-63BA9F8C49A3}.Release|Any CPU.Build.0 = Release|Any CPU
		{C78F99D3-4140-4D2F-AA62-5AD67ABA8DA7}.Debug|Any CPU.ActiveCfg = Debug|Any CPU
		{C78F99D3-4140-4D2F-AA62-5AD67ABA8DA7}.Debug|Any CPU.Build.0 = Debug|Any CPU
		{C78F99D3-4140-4D2F-AA62-5AD67ABA8DA7}.Release|Any CPU.ActiveCfg = Release|Any CPU
		{C78F99D3-4140-4D2F-AA62-5AD67ABA8DA7}.Release|Any CPU.Build.0 = Release|Any CPU
	EndGlobalSection
	GlobalSection(SolutionProperties) = preSolution
		HideSolutionNode = FALSE
	EndGlobalSection
	GlobalSection(ExtensibilityGlobals) = postSolution
		SolutionGuid = {51EED5EB-B71D-4AF7-A46E-E218FA5EEDCE}
	EndGlobalSection
EndGlobal
