
Microsoft Visual Studio Solution File, Format Version 12.00
# Visual Studio Version 17
VisualStudioVersion = 17.14.36603.0
MinimumVisualStudioVersion = 10.0.40219.1
Project("{FAE04EC0-301F-11D3-BF4B-00C04F79EFBC}") = "VillaBookingApp.Web", "VillaBookingApp.Web\VillaBookingApp.Web.csproj", "{382F429D-F983-4B45-BD3D-268E4857B187}"
EndProject
Project("{FAE04EC0-301F-11D3-BF4B-00C04F79EFBC}") = "VillaBookingApp.Domain", "VillaBookingApp.Domain\VillaBookingApp.Domain.csproj", "{C2ADB797-282F-4970-BC8F-83F1ACF85D97}"
EndProject
Project("{FAE04EC0-301F-11D3-BF4B-00C04F79EFBC}") = "VillaBookingApp.Application", "VillaBookingApp.Application\VillaBookingApp.Application.csproj", "{DF3DEEB8-0C76-44E1-97F3-5834BAFD08DA}"
EndProject
Project("{FAE04EC0-301F-11D3-BF4B-00C04F79EFBC}") = "VillaBookingApp.Infrastructure", "VillaBookingApp.Infrastructure\VillaBookingApp.Infrastructure.csproj", "{DFBD1D3C-10FB-4F07-AEB3-E6F19B08621B}"
EndProject
Global
	GlobalSection(SolutionConfigurationPlatforms) = preSolution
		Debug|Any CPU = Debug|Any CPU
		Release|Any CPU = Release|Any CPU
	EndGlobalSection
	GlobalSection(ProjectConfigurationPlatforms) = postSolution
		{382F429D-F983-4B45-BD3D-268E4857B187}.Debug|Any CPU.ActiveCfg = Debug|Any CPU
		{382F429D-F983-4B45-BD3D-268E4857B187}.Debug|Any CPU.Build.0 = Debug|Any CPU
		{382F429D-F983-4B45-BD3D-268E4857B187}.Release|Any CPU.ActiveCfg = Release|Any CPU
		{382F429D-F983-4B45-BD3D-268E4857B187}.Release|Any CPU.Build.0 = Release|Any CPU
		{C2ADB797-282F-4970-BC8F-83F1ACF85D97}.Debug|Any CPU.ActiveCfg = Debug|Any CPU
		{C2ADB797-282F-4970-BC8F-83F1ACF85D97}.Debug|Any CPU.Build.0 = Debug|Any CPU
		{C2ADB797-282F-4970-BC8F-83F1ACF85D97}.Release|Any CPU.ActiveCfg = Release|Any CPU
		{C2ADB797-282F-4970-BC8F-83F1ACF85D97}.Release|Any CPU.Build.0 = Release|Any CPU
		{DF3DEEB8-0C76-44E1-97F3-5834BAFD08DA}.Debug|Any CPU.ActiveCfg = Debug|Any CPU
		{DF3DEEB8-0C76-44E1-97F3-5834BAFD08DA}.Debug|Any CPU.Build.0 = Debug|Any CPU
		{DF3DEEB8-0C76-44E1-97F3-5834BAFD08DA}.Release|Any CPU.ActiveCfg = Release|Any CPU
		{DF3DEEB8-0C76-44E1-97F3-5834BAFD08DA}.Release|Any CPU.Build.0 = Release|Any CPU
		{DFBD1D3C-10FB-4F07-AEB3-E6F19B08621B}.Debug|Any CPU.ActiveCfg = Debug|Any CPU
		{DFBD1D3C-10FB-4F07-AEB3-E6F19B08621B}.Debug|Any CPU.Build.0 = Debug|Any CPU
		{DFBD1D3C-10FB-4F07-AEB3-E6F19B08621B}.Release|Any CPU.ActiveCfg = Release|Any CPU
		{DFBD1D3C-10FB-4F07-AEB3-E6F19B08621B}.Release|Any CPU.Build.0 = Release|Any CPU
	EndGlobalSection
	GlobalSection(SolutionProperties) = preSolution
		HideSolutionNode = FALSE
	EndGlobalSection
	GlobalSection(ExtensibilityGlobals) = postSolution
		SolutionGuid = {14F903C3-8977-4AD6-BD2D-1BB53ABD2D48}
	EndGlobalSection
EndGlobal
