
Microsoft Visual Studio Solution File, Format Version 12.00
# Visual Studio Version 17
VisualStudioVersion = 17.14.36511.14 d17.14
MinimumVisualStudioVersion = 10.0.40219.1
Project("{FAE04EC0-301F-11D3-BF4B-00C04F79EFBC}") = "StocksApp", "StocksApp\StocksApp.csproj", "{2C3020F8-9315-470D-9470-87F994711F52}"
EndProject
Project("{FAE04EC0-301F-11D3-BF4B-00C04F79EFBC}") = "Services", "Services\Services.csproj", "{65BCEE6E-2651-45DE-BB48-94C8650C8E8B}"
EndProject
Project("{FAE04EC0-301F-11D3-BF4B-00C04F79EFBC}") = "ServiceContracts", "ServiceContracts\ServiceContracts.csproj", "{DE0A5D80-7770-4273-A7EB-F64310ED58F3}"
EndProject
Global
	GlobalSection(SolutionConfigurationPlatforms) = preSolution
		Debug|Any CPU = Debug|Any CPU
		Release|Any CPU = Release|Any CPU
	EndGlobalSection
	GlobalSection(ProjectConfigurationPlatforms) = postSolution
		{2C3020F8-9315-470D-9470-87F994711F52}.Debug|Any CPU.ActiveCfg = Debug|Any CPU
		{2C3020F8-9315-470D-9470-87F994711F52}.Debug|Any CPU.Build.0 = Debug|Any CPU
		{2C3020F8-9315-470D-9470-87F994711F52}.Release|Any CPU.ActiveCfg = Release|Any CPU
		{2C3020F8-9315-470D-9470-87F994711F52}.Release|Any CPU.Build.0 = Release|Any CPU
		{65BCEE6E-2651-45DE-BB48-94C8650C8E8B}.Debug|Any CPU.ActiveCfg = Debug|Any CPU
		{65BCEE6E-2651-45DE-BB48-94C8650C8E8B}.Debug|Any CPU.Build.0 = Debug|Any CPU
		{65BCEE6E-2651-45DE-BB48-94C8650C8E8B}.Release|Any CPU.ActiveCfg = Release|Any CPU
		{65BCEE6E-2651-45DE-BB48-94C8650C8E8B}.Release|Any CPU.Build.0 = Release|Any CPU
		{DE0A5D80-7770-4273-A7EB-F64310ED58F3}.Debug|Any CPU.ActiveCfg = Debug|Any CPU
		{DE0A5D80-7770-4273-A7EB-F64310ED58F3}.Debug|Any CPU.Build.0 = Debug|Any CPU
		{DE0A5D80-7770-4273-A7EB-F64310ED58F3}.Release|Any CPU.ActiveCfg = Release|Any CPU
		{DE0A5D80-7770-4273-A7EB-F64310ED58F3}.Release|Any CPU.Build.0 = Release|Any CPU
	EndGlobalSection
	GlobalSection(SolutionProperties) = preSolution
		HideSolutionNode = FALSE
	EndGlobalSection
	GlobalSection(ExtensibilityGlobals) = postSolution
		SolutionGuid = {5DB23CB8-86E0-488A-AD6C-FA52AA1CD1E0}
	EndGlobalSection
EndGlobal
